
Microsoft Visual Studio Solution File, Format Version 12.00
# Visual Studio Version 17
VisualStudioVersion = 17.11.35303.130
MinimumVisualStudioVersion = 10.0.40219.1
Project("{FAE04EC0-301F-11D3-BF4B-00C04F79EFBC}") = "Fall2024-Assignment3-wgwilber", "Fall2024-Assignment3-wgwilber.csproj", "{9A8BDF77-D8B3-4470-A228-703A6FD38899}"
EndProject
Global
	GlobalSection(SolutionConfigurationPlatforms) = preSolution
		Debug|Any CPU = Debug|Any CPU
		Release|Any CPU = Release|Any CPU
	EndGlobalSection
	GlobalSection(ProjectConfigurationPlatforms) = postSolution
		{9A8BDF77-D8B3-4470-A228-703A6FD38899}.Debug|Any CPU.ActiveCfg = Debug|Any CPU
		{9A8BDF77-D8B3-4470-A228-703A6FD38899}.Debug|Any CPU.Build.0 = Debug|Any CPU
		{9A8BDF77-D8B3-4470-A228-703A6FD38899}.Release|Any CPU.ActiveCfg = Release|Any CPU
		{9A8BDF77-D8B3-4470-A228-703A6FD38899}.Release|Any CPU.Build.0 = Release|Any CPU
	EndGlobalSection
	GlobalSection(SolutionProperties) = preSolution
		HideSolutionNode = FALSE
	EndGlobalSection
	GlobalSection(ExtensibilityGlobals) = postSolution
		SolutionGuid = {5DC2E9CC-5C50-4417-8954-9D12ADD870DB}
	EndGlobalSection
EndGlobal
